
Microsoft Visual Studio Solution File, Format Version 12.00
# Visual Studio Version 16
VisualStudioVersion = 16.0.29920.165
MinimumVisualStudioVersion = 10.0.40219.1
Project("{FAE04EC0-301F-11D3-BF4B-00C04F79EFBC}") = "TankWarLib", "TankWarLib\TankWarLib.csproj", "{D1F39819-3BAE-4672-87CD-56419DBA5A44}"
EndProject
Project("{FAE04EC0-301F-11D3-BF4B-00C04F79EFBC}") = "TankWarServer", "TankWarServer\TankWarServer.csproj", "{49BA7D35-6780-4F9D-A790-CBF1240AB15D}"
EndProject
Global
	GlobalSection(SolutionConfigurationPlatforms) = preSolution
		Debug|Any CPU = Debug|Any CPU
		Release|Any CPU = Release|Any CPU
	EndGlobalSection
	GlobalSection(ProjectConfigurationPlatforms) = postSolution
		{D1F39819-3BAE-4672-87CD-56419DBA5A44}.Debug|Any CPU.ActiveCfg = Debug|Any CPU
		{D1F39819-3BAE-4672-87CD-56419DBA5A44}.Debug|Any CPU.Build.0 = Debug|Any CPU
		{D1F39819-3BAE-4672-87CD-56419DBA5A44}.Release|Any CPU.ActiveCfg = Release|Any CPU
		{D1F39819-3BAE-4672-87CD-56419DBA5A44}.Release|Any CPU.Build.0 = Release|Any CPU
		{49BA7D35-6780-4F9D-A790-CBF1240AB15D}.Debug|Any CPU.ActiveCfg = Debug|Any CPU
		{49BA7D35-6780-4F9D-A790-CBF1240AB15D}.Debug|Any CPU.Build.0 = Debug|Any CPU
		{49BA7D35-6780-4F9D-A790-CBF1240AB15D}.Release|Any CPU.ActiveCfg = Release|Any CPU
		{49BA7D35-6780-4F9D-A790-CBF1240AB15D}.Release|Any CPU.Build.0 = Release|Any CPU
	EndGlobalSection
	GlobalSection(SolutionProperties) = preSolution
		HideSolutionNode = FALSE
	EndGlobalSection
	GlobalSection(ExtensibilityGlobals) = postSolution
		SolutionGuid = {68DAE4B8-3BA8-453C-BBFD-D3A3739D77AF}
	EndGlobalSection
EndGlobal
